// !$*UTF8*$!
{
	archiveVersion = 1;
	classes = {
	};
	objectVersion = 46;
	objects = {

/* Begin PBXBuildFile section */
		3E9928721CC631EF00ADAF35 /* AppDelegate.swift in Sources */ = {isa = PBXBuildFile; fileRef = 3E9928711CC631EF00ADAF35 /* AppDelegate.swift */; };
		3E9928741CC631EF00ADAF35 /* ViewController.swift in Sources */ = {isa = PBXBuildFile; fileRef = 3E9928731CC631EF00ADAF35 /* ViewController.swift */; };
		3E9928771CC631EF00ADAF35 /* Main.storyboard in Resources */ = {isa = PBXBuildFile; fileRef = 3E9928751CC631EF00ADAF35 /* Main.storyboard */; };
		3E9928791CC631EF00ADAF35 /* Assets.xcassets in Resources */ = {isa = PBXBuildFile; fileRef = 3E9928781CC631EF00ADAF35 /* Assets.xcassets */; };
		3E99287C1CC631EF00ADAF35 /* LaunchScreen.storyboard in Resources */ = {isa = PBXBuildFile; fileRef = 3E99287A1CC631EF00ADAF35 /* LaunchScreen.storyboard */; };
		3E9928871CC631EF00ADAF35 /* ga_assignment3Tests.swift in Sources */ = {isa = PBXBuildFile; fileRef = 3E9928861CC631EF00ADAF35 /* ga_assignment3Tests.swift */; };
		3E9928921CC631EF00ADAF35 /* ga_assignment3UITests.swift in Sources */ = {isa = PBXBuildFile; fileRef = 3E9928911CC631EF00ADAF35 /* ga_assignment3UITests.swift */; };
		3E9928A01CC63B6C00ADAF35 /* SecondView.swift in Sources */ = {isa = PBXBuildFile; fileRef = 3E99289F1CC63B6C00ADAF35 /* SecondView.swift */; };
		3E9928A21CC6440900ADAF35 /* ArrayTableViewController.swift in Sources */ = {isa = PBXBuildFile; fileRef = 3E9928A11CC6440900ADAF35 /* ArrayTableViewController.swift */; };
/* End PBXBuildFile section */

/* Begin PBXContainerItemProxy section */
		3E9928831CC631EF00ADAF35 /* PBXContainerItemProxy */ = {
			isa = PBXContainerItemProxy;
			containerPortal = 3E9928661CC631EE00ADAF35 /* Project object */;
			proxyType = 1;
			remoteGlobalIDString = 3E99286D1CC631EE00ADAF35;
			remoteInfo = "ga-assignment3";
		};
		3E99288E1CC631EF00ADAF35 /* PBXContainerItemProxy */ = {
			isa = PBXContainerItemProxy;
			containerPortal = 3E9928661CC631EE00ADAF35 /* Project object */;
			proxyType = 1;
			remoteGlobalIDString = 3E99286D1CC631EE00ADAF35;
			remoteInfo = "ga-assignment3";
		};
/* End PBXContainerItemProxy section */

/* Begin PBXFileReference section */
		3E99286E1CC631EE00ADAF35 /* ga-assignment3.app */ = {isa = PBXFileReference; explicitFileType = wrapper.application; includeInIndex = 0; path = "ga-assignment3.app"; sourceTree = BUILT_PRODUCTS_DIR; };
		3E9928711CC631EF00ADAF35 /* AppDelegate.swift */ = {isa = PBXFileReference; lastKnownFileType = sourcecode.swift; path = AppDelegate.swift; sourceTree = "<group>"; };
		3E9928731CC631EF00ADAF35 /* ViewController.swift */ = {isa = PBXFileReference; lastKnownFileType = sourcecode.swift; path = ViewController.swift; sourceTree = "<group>"; };
		3E9928761CC631EF00ADAF35 /* Base */ = {isa = PBXFileReference; lastKnownFileType = file.storyboard; name = Base; path = Base.lproj/Main.storyboard; sourceTree = "<group>"; };
		3E9928781CC631EF00ADAF35 /* Assets.xcassets */ = {isa = PBXFileReference; lastKnownFileType = folder.assetcatalog; path = Assets.xcassets; sourceTree = "<group>"; };
		3E99287B1CC631EF00ADAF35 /* Base */ = {isa = PBXFileReference; lastKnownFileType = file.storyboard; name = Base; path = Base.lproj/LaunchScreen.storyboard; sourceTree = "<group>"; };
		3E99287D1CC631EF00ADAF35 /* Info.plist */ = {isa = PBXFileReference; lastKnownFileType = text.plist.xml; path = Info.plist; sourceTree = "<group>"; };
		3E9928821CC631EF00ADAF35 /* ga-assignment3Tests.xctest */ = {isa = PBXFileReference; explicitFileType = wrapper.cfbundle; includeInIndex = 0; path = "ga-assignment3Tests.xctest"; sourceTree = BUILT_PRODUCTS_DIR; };
		3E9928861CC631EF00ADAF35 /* ga_assignment3Tests.swift */ = {isa = PBXFileReference; lastKnownFileType = sourcecode.swift; path = ga_assignment3Tests.swift; sourceTree = "<group>"; };
		3E9928881CC631EF00ADAF35 /* Info.plist */ = {isa = PBXFileReference; lastKnownFileType = text.plist.xml; path = Info.plist; sourceTree = "<group>"; };
		3E99288D1CC631EF00ADAF35 /* ga-assignment3UITests.xctest */ = {isa = PBXFileReference; explicitFileType = wrapper.cfbundle; includeInIndex = 0; path = "ga-assignment3UITests.xctest"; sourceTree = BUILT_PRODUCTS_DIR; };
		3E9928911CC631EF00ADAF35 /* ga_assignment3UITests.swift */ = {isa = PBXFileReference; lastKnownFileType = sourcecode.swift; path = ga_assignment3UITests.swift; sourceTree = "<group>"; };
		3E9928931CC631EF00ADAF35 /* Info.plist */ = {isa = PBXFileReference; lastKnownFileType = text.plist.xml; path = Info.plist; sourceTree = "<group>"; };
		3E99289F1CC63B6C00ADAF35 /* SecondView.swift */ = {isa = PBXFileReference; fileEncoding = 4; lastKnownFileType = sourcecode.swift; path = SecondView.swift; sourceTree = "<group>"; };
		3E9928A11CC6440900ADAF35 /* ArrayTableViewController.swift */ = {isa = PBXFileReference; fileEncoding = 4; lastKnownFileType = sourcecode.swift; path = ArrayTableViewController.swift; sourceTree = "<group>"; };
/* End PBXFileReference section */

/* Begin PBXFrameworksBuildPhase section */
		3E99286B1CC631EE00ADAF35 /* Frameworks */ = {
			isa = PBXFrameworksBuildPhase;
			buildActionMask = 2147483647;
			files = (
			);
			runOnlyForDeploymentPostprocessing = 0;
		};
		3E99287F1CC631EF00ADAF35 /* Frameworks */ = {
			isa = PBXFrameworksBuildPhase;
			buildActionMask = 2147483647;
			files = (
			);
			runOnlyForDeploymentPostprocessing = 0;
		};
		3E99288A1CC631EF00ADAF35 /* Frameworks */ = {
			isa = PBXFrameworksBuildPhase;
			buildActionMask = 2147483647;
			files = (
			);
			runOnlyForDeploymentPostprocessing = 0;
		};
/* End PBXFrameworksBuildPhase section */

/* Begin PBXGroup section */
		3E9928651CC631EE00ADAF35 = {
			isa = PBXGroup;
			children = (
				3E9928701CC631EF00ADAF35 /* ga-assignment3 */,
				3E9928851CC631EF00ADAF35 /* ga-assignment3Tests */,
				3E9928901CC631EF00ADAF35 /* ga-assignment3UITests */,
				3E99286F1CC631EE00ADAF35 /* Products */,
			);
			sourceTree = "<group>";
		};
		3E99286F1CC631EE00ADAF35 /* Products */ = {
			isa = PBXGroup;
			children = (
				3E99286E1CC631EE00ADAF35 /* ga-assignment3.app */,
				3E9928821CC631EF00ADAF35 /* ga-assignment3Tests.xctest */,
				3E99288D1CC631EF00ADAF35 /* ga-assignment3UITests.xctest */,
			);
			name = Products;
			sourceTree = "<group>";
		};
		3E9928701CC631EF00ADAF35 /* ga-assignment3 */ = {
			isa = PBXGroup;
			children = (
				3E9928711CC631EF00ADAF35 /* AppDelegate.swift */,
				3E9928731CC631EF00ADAF35 /* ViewController.swift */,
				3E9928751CC631EF00ADAF35 /* Main.storyboard */,
				3E9928781CC631EF00ADAF35 /* Assets.xcassets */,
				3E99287A1CC631EF00ADAF35 /* LaunchScreen.storyboard */,
				3E99287D1CC631EF00ADAF35 /* Info.plist */,
				3E99289F1CC63B6C00ADAF35 /* SecondView.swift */,
				3E9928A11CC6440900ADAF35 /* ArrayTableViewController.swift */,
			);
			path = "ga-assignment3";
			sourceTree = "<group>";
		};
		3E9928851CC631EF00ADAF35 /* ga-assignment3Tests */ = {
			isa = PBXGroup;
			children = (
				3E9928861CC631EF00ADAF35 /* ga_assignment3Tests.swift */,
				3E9928881CC631EF00ADAF35 /* Info.plist */,
			);
			path = "ga-assignment3Tests";
			sourceTree = "<group>";
		};
		3E9928901CC631EF00ADAF35 /* ga-assignment3UITests */ = {
			isa = PBXGroup;
			children = (
				3E9928911CC631EF00ADAF35 /* ga_assignment3UITests.swift */,
				3E9928931CC631EF00ADAF35 /* Info.plist */,
			);
			path = "ga-assignment3UITests";
			sourceTree = "<group>";
		};
/* End PBXGroup section */

/* Begin PBXNativeTarget section */
		3E99286D1CC631EE00ADAF35 /* ga-assignment3 */ = {
			isa = PBXNativeTarget;
			buildConfigurationList = 3E9928961CC631EF00ADAF35 /* Build configuration list for PBXNativeTarget "ga-assignment3" */;
			buildPhases = (
				3E99286A1CC631EE00ADAF35 /* Sources */,
				3E99286B1CC631EE00ADAF35 /* Frameworks */,
				3E99286C1CC631EE00ADAF35 /* Resources */,
			);
			buildRules = (
			);
			dependencies = (
			);
			name = "ga-assignment3";
			productName = "ga-assignment3";
			productReference = 3E99286E1CC631EE00ADAF35 /* ga-assignment3.app */;
			productType = "com.apple.product-type.application";
		};
		3E9928811CC631EF00ADAF35 /* ga-assignment3Tests */ = {
			isa = PBXNativeTarget;
			buildConfigurationList = 3E9928991CC631EF00ADAF35 /* Build configuration list for PBXNativeTarget "ga-assignment3Tests" */;
			buildPhases = (
				3E99287E1CC631EF00ADAF35 /* Sources */,
				3E99287F1CC631EF00ADAF35 /* Frameworks */,
				3E9928801CC631EF00ADAF35 /* Resources */,
			);
			buildRules = (
			);
			dependencies = (
				3E9928841CC631EF00ADAF35 /* PBXTargetDependency */,
			);
			name = "ga-assignment3Tests";
			productName = "ga-assignment3Tests";
			productReference = 3E9928821CC631EF00ADAF35 /* ga-assignment3Tests.xctest */;
			productType = "com.apple.product-type.bundle.unit-test";
		};
		3E99288C1CC631EF00ADAF35 /* ga-assignment3UITests */ = {
			isa = PBXNativeTarget;
			buildConfigurationList = 3E99289C1CC631EF00ADAF35 /* Build configuration list for PBXNativeTarget "ga-assignment3UITests" */;
			buildPhases = (
				3E9928891CC631EF00ADAF35 /* Sources */,
				3E99288A1CC631EF00ADAF35 /* Frameworks */,
				3E99288B1CC631EF00ADAF35 /* Resources */,
			);
			buildRules = (
			);
			dependencies = (
				3E99288F1CC631EF00ADAF35 /* PBXTargetDependency */,
			);
			name = "ga-assignment3UITests";
			productName = "ga-assignment3UITests";
			productReference = 3E99288D1CC631EF00ADAF35 /* ga-assignment3UITests.xctest */;
			productType = "com.apple.product-type.bundle.ui-testing";
		};
/* End PBXNativeTarget section */

/* Begin PBXProject section */
		3E9928661CC631EE00ADAF35 /* Project object */ = {
			isa = PBXProject;
			attributes = {
				LastSwiftUpdateCheck = 0730;
				LastUpgradeCheck = 0730;
				ORGANIZATIONNAME = "Tommy Susanto";
				TargetAttributes = {
					3E99286D1CC631EE00ADAF35 = {
						CreatedOnToolsVersion = 7.3;
					};
					3E9928811CC631EF00ADAF35 = {
						CreatedOnToolsVersion = 7.3;
						TestTargetID = 3E99286D1CC631EE00ADAF35;
					};
					3E99288C1CC631EF00ADAF35 = {
						CreatedOnToolsVersion = 7.3;
						TestTargetID = 3E99286D1CC631EE00ADAF35;
					};
				};
			};
			buildConfigurationList = 3E9928691CC631EE00ADAF35 /* Build configuration list for PBXProject "ga-assignment3" */;
			compatibilityVersion = "Xcode 3.2";
			developmentRegion = English;
			hasScannedForEncodings = 0;
			knownRegions = (
				en,
				Base,
			);
			mainGroup = 3E9928651CC631EE00ADAF35;
			productRefGroup = 3E99286F1CC631EE00ADAF35 /* Products */;
			projectDirPath = "";
			projectRoot = "";
			targets = (
				3E99286D1CC631EE00ADAF35 /* ga-assignment3 */,
				3E9928811CC631EF00ADAF35 /* ga-assignment3Tests */,
				3E99288C1CC631EF00ADAF35 /* ga-assignment3UITests */,
			);
		};
/* End PBXProject section */

/* Begin PBXResourcesBuildPhase section */
		3E99286C1CC631EE00ADAF35 /* Resources */ = {
			isa = PBXResourcesBuildPhase;
			buildActionMask = 2147483647;
			files = (
				3E99287C1CC631EF00ADAF35 /* LaunchScreen.storyboard in Resources */,
				3E9928791CC631EF00ADAF35 /* Assets.xcassets in Resources */,
				3E9928771CC631EF00ADAF35 /* Main.storyboard in Resources */,
			);
			runOnlyForDeploymentPostprocessing = 0;
		};
		3E9928801CC631EF00ADAF35 /* Resources */ = {
			isa = PBXResourcesBuildPhase;
			buildActionMask = 2147483647;
			files = (
			);
			runOnlyForDeploymentPostprocessing = 0;
		};
		3E99288B1CC631EF00ADAF35 /* Resources */ = {
			isa = PBXResourcesBuildPhase;
			buildActionMask = 2147483647;
			files = (
			);
			runOnlyForDeploymentPostprocessing = 0;
		};
/* End PBXResourcesBuildPhase section */

/* Begin PBXSourcesBuildPhase section */
		3E99286A1CC631EE00ADAF35 /* Sources */ = {
			isa = PBXSourcesBuildPhase;
			buildActionMask = 2147483647;
			files = (
				3E9928A01CC63B6C00ADAF35 /* SecondView.swift in Sources */,
				3E9928741CC631EF00ADAF35 /* ViewController.swift in Sources */,
				3E9928721CC631EF00ADAF35 /* AppDelegate.swift in Sources */,
				3E9928A21CC6440900ADAF35 /* ArrayTableViewController.swift in Sources */,
			);
			runOnlyForDeploymentPostprocessing = 0;
		};
		3E99287E1CC631EF00ADAF35 /* Sources */ = {
			isa = PBXSourcesBuildPhase;
			buildActionMask = 2147483647;
			files = (
				3E9928871CC631EF00ADAF35 /* ga_assignment3Tests.swift in Sources */,
			);
			runOnlyForDeploymentPostprocessing = 0;
		};
		3E9928891CC631EF00ADAF35 /* Sources */ = {
			isa = PBXSourcesBuildPhase;
			buildActionMask = 2147483647;
			files = (
				3E9928921CC631EF00ADAF35 /* ga_assignment3UITests.swift in Sources */,
			);
			runOnlyForDeploymentPostprocessing = 0;
		};
/* End PBXSourcesBuildPhase section */

/* Begin PBXTargetDependency section */
		3E9928841CC631EF00ADAF35 /* PBXTargetDependency */ = {
			isa = PBXTargetDependency;
			target = 3E99286D1CC631EE00ADAF35 /* ga-assignment3 */;
			targetProxy = 3E9928831CC631EF00ADAF35 /* PBXContainerItemProxy */;
		};
		3E99288F1CC631EF00ADAF35 /* PBXTargetDependency */ = {
			isa = PBXTargetDependency;
			target = 3E99286D1CC631EE00ADAF35 /* ga-assignment3 */;
			targetProxy = 3E99288E1CC631EF00ADAF35 /* PBXContainerItemProxy */;
		};
/* End PBXTargetDependency section */

/* Begin PBXVariantGroup section */
		3E9928751CC631EF00ADAF35 /* Main.storyboard */ = {
			isa = PBXVariantGroup;
			children = (
				3E9928761CC631EF00ADAF35 /* Base */,
			);
			name = Main.storyboard;
			sourceTree = "<group>";
		};
		3E99287A1CC631EF00ADAF35 /* LaunchScreen.storyboard */ = {
			isa = PBXVariantGroup;
			children = (
				3E99287B1CC631EF00ADAF35 /* Base */,
			);
			name = LaunchScreen.storyboard;
			sourceTree = "<group>";
		};
/* End PBXVariantGroup section */

/* Begin XCBuildConfiguration section */
		3E9928941CC631EF00ADAF35 /* Debug */ = {
			isa = XCBuildConfiguration;
			buildSettings = {
				ALWAYS_SEARCH_USER_PATHS = NO;
				CLANG_ANALYZER_NONNULL = YES;
				CLANG_CXX_LANGUAGE_STANDARD = "gnu++0x";
				CLANG_CXX_LIBRARY = "libc++";
				CLANG_ENABLE_MODULES = YES;
				CLANG_ENABLE_OBJC_ARC = YES;
				CLANG_WARN_BOOL_CONVERSION = YES;
				CLANG_WARN_CONSTANT_CONVERSION = YES;
				CLANG_WARN_DIRECT_OBJC_ISA_USAGE = YES_ERROR;
				CLANG_WARN_EMPTY_BODY = YES;
				CLANG_WARN_ENUM_CONVERSION = YES;
				CLANG_WARN_INT_CONVERSION = YES;
				CLANG_WARN_OBJC_ROOT_CLASS = YES_ERROR;
				CLANG_WARN_UNREACHABLE_CODE = YES;
				CLANG_WARN__DUPLICATE_METHOD_MATCH = YES;
				"CODE_SIGN_IDENTITY[sdk=iphoneos*]" = "iPhone Developer";
				COPY_PHASE_STRIP = NO;
				DEBUG_INFORMATION_FORMAT = dwarf;
				ENABLE_STRICT_OBJC_MSGSEND = YES;
				ENABLE_TESTABILITY = YES;
				GCC_C_LANGUAGE_STANDARD = gnu99;
				GCC_DYNAMIC_NO_PIC = NO;
				GCC_NO_COMMON_BLOCKS = YES;
				GCC_OPTIMIZATION_LEVEL = 0;
				GCC_PREPROCESSOR_DEFINITIONS = (
					"DEBUG=1",
					"$(inherited)",
				);
				GCC_WARN_64_TO_32_BIT_CONVERSION = YES;
				GCC_WARN_ABOUT_RETURN_TYPE = YES_ERROR;
				GCC_WARN_UNDECLARED_SELECTOR = YES;
				GCC_WARN_UNINITIALIZED_AUTOS = YES_AGGRESSIVE;
				GCC_WARN_UNUSED_FUNCTION = YES;
				GCC_WARN_UNUSED_VARIABLE = YES;
				IPHONEOS_DEPLOYMENT_TARGET = 9.3;
				MTL_ENABLE_DEBUG_INFO = YES;
				ONLY_ACTIVE_ARCH = YES;
				SDKROOT = iphoneos;
				SWIFT_OPTIMIZATION_LEVEL = "-Onone";
				TARGETED_DEVICE_FAMILY = "1,2";
			};
			name = Debug;
		};
		3E9928951CC631EF00ADAF35 /* Release */ = {
			isa = XCBuildConfiguration;
			buildSettings = {
				ALWAYS_SEARCH_USER_PATHS = NO;
				CLANG_ANALYZER_NONNULL = YES;
				CLANG_CXX_LANGUAGE_STANDARD = "gnu++0x";
				CLANG_CXX_LIBRARY = "libc++";
				CLANG_ENABLE_MODULES = YES;
				CLANG_ENABLE_OBJC_ARC = YES;
				CLANG_WARN_BOOL_CONVERSION = YES;
				CLANG_WARN_CONSTANT_CONVERSION = YES;
				CLANG_WARN_DIRECT_OBJC_ISA_USAGE = YES_ERROR;
				CLANG_WARN_EMPTY_BODY = YES;
				CLANG_WARN_ENUM_CONVERSION = YES;
				CLANG_WARN_INT_CONVERSION = YES;
				CLANG_WARN_OBJC_ROOT_CLASS = YES_ERROR;
				CLANG_WARN_UNREACHABLE_CODE = YES;
				CLANG_WARN__DUPLICATE_METHOD_MATCH = YES;
				"CODE_SIGN_IDENTITY[sdk=iphoneos*]" = "iPhone Developer";
				COPY_PHASE_STRIP = NO;
				DEBUG_INFORMATION_FORMAT = "dwarf-with-dsym";
				ENABLE_NS_ASSERTIONS = NO;
				ENABLE_STRICT_OBJC_MSGSEND = YES;
				GCC_C_LANGUAGE_STANDARD = gnu99;
				GCC_NO_COMMON_BLOCKS = YES;
				GCC_WARN_64_TO_32_BIT_CONVERSION = YES;
				GCC_WARN_ABOUT_RETURN_TYPE = YES_ERROR;
				GCC_WARN_UNDECLARED_SELECTOR = YES;
				GCC_WARN_UNINITIALIZED_AUTOS = YES_AGGRESSIVE;
				GCC_WARN_UNUSED_FUNCTION = YES;
				GCC_WARN_UNUSED_VARIABLE = YES;
				IPHONEOS_DEPLOYMENT_TARGET = 9.3;
				MTL_ENABLE_DEBUG_INFO = NO;
				SDKROOT = iphoneos;
				TARGETED_DEVICE_FAMILY = "1,2";
				VALIDATE_PRODUCT = YES;
			};
			name = Release;
		};
		3E9928971CC631EF00ADAF35 /* Debug */ = {
			isa = XCBuildConfiguration;
			buildSettings = {
				ASSETCATALOG_COMPILER_APPICON_NAME = AppIcon;
				INFOPLIST_FILE = "ga-assignment3/Info.plist";
				LD_RUNPATH_SEARCH_PATHS = "$(inherited) @executable_path/Frameworks";
				PRODUCT_BUNDLE_IDENTIFIER = "com.reversedomain.tommy.ga-assignment3";
				PRODUCT_NAME = "$(TARGET_NAME)";
			};
			name = Debug;
		};
		3E9928981CC631EF00ADAF35 /* Release */ = {
			isa = XCBuildConfiguration;
			buildSettings = {
				ASSETCATALOG_COMPILER_APPICON_NAME = AppIcon;
				INFOPLIST_FILE = "ga-assignment3/Info.plist";
				LD_RUNPATH_SEARCH_PATHS = "$(inherited) @executable_path/Frameworks";
				PRODUCT_BUNDLE_IDENTIFIER = "com.reversedomain.tommy.ga-assignment3";
				PRODUCT_NAME = "$(TARGET_NAME)";
			};
			name = Release;
		};
		3E99289A1CC631EF00ADAF35 /* Debug */ = {
			isa = XCBuildConfiguration;
			buildSettings = {
				BUNDLE_LOADER = "$(TEST_HOST)";
				INFOPLIST_FILE = "ga-assignment3Tests/Info.plist";
				LD_RUNPATH_SEARCH_PATHS = "$(inherited) @executable_path/Frameworks @loader_path/Frameworks";
				PRODUCT_BUNDLE_IDENTIFIER = "com.reversedomain.tommy.ga-assignment3Tests";
				PRODUCT_NAME = "$(TARGET_NAME)";
				TEST_HOST = "$(BUILT_PRODUCTS_DIR)/ga-assignment3.app/ga-assignment3";
			};
			name = Debug;
		};
		3E99289B1CC631EF00ADAF35 /* Release */ = {
			isa = XCBuildConfiguration;
			buildSettings = {
				BUNDLE_LOADER = "$(TEST_HOST)";
				INFOPLIST_FILE = "ga-assignment3Tests/Info.plist";
				LD_RUNPATH_SEARCH_PATHS = "$(inherited) @executable_path/Frameworks @loader_path/Frameworks";
				PRODUCT_BUNDLE_IDENTIFIER = "com.reversedomain.tommy.ga-assignment3Tests";
				PRODUCT_NAME = "$(TARGET_NAME)";
				TEST_HOST = "$(BUILT_PRODUCTS_DIR)/ga-assignment3.app/ga-assignment3";
			};
			name = Release;
		};
		3E99289D1CC631EF00ADAF35 /* Debug */ = {
			isa = XCBuildConfiguration;
			buildSettings = {
				INFOPLIST_FILE = "ga-assignment3UITests/Info.plist";
				LD_RUNPATH_SEARCH_PATHS = "$(inherited) @executable_path/Frameworks @loader_path/Frameworks";
				PRODUCT_BUNDLE_IDENTIFIER = "com.reversedomain.tommy.ga-assignment3UITests";
				PRODUCT_NAME = "$(TARGET_NAME)";
				TEST_TARGET_NAME = "ga-assignment3";
			};
			name = Debug;
		};
		3E99289E1CC631EF00ADAF35 /* Release */ = {
			isa = XCBuildConfiguration;
			buildSettings = {
				INFOPLIST_FILE = "ga-assignment3UITests/Info.plist";
				LD_RUNPATH_SEARCH_PATHS = "$(inherited) @executable_path/Frameworks @loader_path/Frameworks";
				PRODUCT_BUNDLE_IDENTIFIER = "com.reversedomain.tommy.ga-assignment3UITests";
				PRODUCT_NAME = "$(TARGET_NAME)";
				TEST_TARGET_NAME = "ga-assignment3";
			};
			name = Release;
		};
/* End XCBuildConfiguration section */

/* Begin XCConfigurationList section */
		3E9928691CC631EE00ADAF35 /* Build configuration list for PBXProject "ga-assignment3" */ = {
			isa = XCConfigurationList;
			buildConfigurations = (
				3E9928941CC631EF00ADAF35 /* Debug */,
				3E9928951CC631EF00ADAF35 /* Release */,
			);
			defaultConfigurationIsVisible = 0;
			defaultConfigurationName = Release;
		};
		3E9928961CC631EF00ADAF35 /* Build configuration list for PBXNativeTarget "ga-assignment3" */ = {
			isa = XCConfigurationList;
			buildConfigurations = (
				3E9928971CC631EF00ADAF35 /* Debug */,
				3E9928981CC631EF00ADAF35 /* Release */,
			);
			defaultConfigurationIsVisible = 0;
			defaultConfigurationName = Release;
		};
		3E9928991CC631EF00ADAF35 /* Build configuration list for PBXNativeTarget "ga-assignment3Tests" */ = {
			isa = XCConfigurationList;
			buildConfigurations = (
				3E99289A1CC631EF00ADAF35 /* Debug */,
				3E99289B1CC631EF00ADAF35 /* Release */,
			);
			defaultConfigurationIsVisible = 0;
			defaultConfigurationName = Release;
		};
		3E99289C1CC631EF00ADAF35 /* Build configuration list for PBXNativeTarget "ga-assignment3UITests" */ = {
			isa = XCConfigurationList;
			buildConfigurations = (
				3E99289D1CC631EF00ADAF35 /* Debug */,
				3E99289E1CC631EF00ADAF35 /* Release */,
			);
			defaultConfigurationIsVisible = 0;
			defaultConfigurationName = Release;
		};
/* End XCConfigurationList section */
	};
	rootObject = 3E9928661CC631EE00ADAF35 /* Project object */;
}
